// !$*UTF8*$!
{
	archiveVersion = 1;
	classes = {
	};
	objectVersion = 56;
	objects = {

/* Begin PBXBuildFile section */
		6B01A1152C2F000100000001 /* Assets.xcassets in Resources */ = {isa = PBXBuildFile; fileRef = 6B01A0162C2F000100000001 /* Assets.xcassets */; };
		6B01A1012C2F000100000001 /* ArtistJGApp.swift in Sources */ = {isa = PBXBuildFile; fileRef = 6B01A0012C2F000100000001 /* ArtistJGApp.swift */; };
		6B01A1022C2F000100000001 /* AppCoordinator.swift in Sources */ = {isa = PBXBuildFile; fileRef = 6B01A0022C2F000100000001 /* AppCoordinator.swift */; };
		6B01A1032C2F000100000001 /* RootView.swift in Sources */ = {isa = PBXBuildFile; fileRef = 6B01A0032C2F000100000001 /* RootView.swift */; };
		6B01A1042C2F000100000001 /* AppRoute.swift in Sources */ = {isa = PBXBuildFile; fileRef = 6B01A0042C2F000100000001 /* AppRoute.swift */; };
		6B01A1052C2F000100000001 /* AppConstants.swift in Sources */ = {isa = PBXBuildFile; fileRef = 6B01A0052C2F000100000001 /* AppConstants.swift */; };
		6B01A1062C2F000100000001 /* AppStrings.swift in Sources */ = {isa = PBXBuildFile; fileRef = 6B01A0062C2F000100000001 /* AppStrings.swift */; };
		6B01A1072C2F000100000001 /* APIEndpoint.swift in Sources */ = {isa = PBXBuildFile; fileRef = 6B01A0072C2F000100000001 /* APIEndpoint.swift */; };
		6B01A1082C2F000100000001 /* APIMessageResponse.swift in Sources */ = {isa = PBXBuildFile; fileRef = 6B01A0082C2F000100000001 /* APIMessageResponse.swift */; };
		6B01A1092C2F000100000001 /* APIClient.swift in Sources */ = {isa = PBXBuildFile; fileRef = 6B01A0092C2F000100000001 /* APIClient.swift */; };
		6B01A10A2C2F000100000001 /* APIError.swift in Sources */ = {isa = PBXBuildFile; fileRef = 6B01A00A2C2F000100000001 /* APIError.swift */; };
		6B01A10B2C2F000100000001 /* AuthTokenStore.swift in Sources */ = {isa = PBXBuildFile; fileRef = 6B01A00B2C2F000100000001 /* AuthTokenStore.swift */; };
		6B01A10C2C2F000100000001 /* AuthModels.swift in Sources */ = {isa = PBXBuildFile; fileRef = 6B01A00C2C2F000100000001 /* AuthModels.swift */; };
		6B01A10D2C2F000100000001 /* AuthEndpoint.swift in Sources */ = {isa = PBXBuildFile; fileRef = 6B01A00D2C2F000100000001 /* AuthEndpoint.swift */; };
		6B01A10E2C2F000100000001 /* AuthService.swift in Sources */ = {isa = PBXBuildFile; fileRef = 6B01A00E2C2F000100000001 /* AuthService.swift */; };
		6B01A10F2C2F000100000001 /* AuthViewModel.swift in Sources */ = {isa = PBXBuildFile; fileRef = 6B01A00F2C2F000100000001 /* AuthViewModel.swift */; };
		6B01A1102C2F000100000001 /* AuthTextField.swift in Sources */ = {isa = PBXBuildFile; fileRef = 6B01A0102C2F000100000001 /* AuthTextField.swift */; };
		6B01A1112C2F000100000001 /* PrimaryButton.swift in Sources */ = {isa = PBXBuildFile; fileRef = 6B01A0112C2F000100000001 /* PrimaryButton.swift */; };
		6B01A1122C2F000100000001 /* LoginView.swift in Sources */ = {isa = PBXBuildFile; fileRef = 6B01A0122C2F000100000001 /* LoginView.swift */; };
		6B01A1132C2F000100000001 /* SignUpView.swift in Sources */ = {isa = PBXBuildFile; fileRef = 6B01A0132C2F000100000001 /* SignUpView.swift */; };
		6B01A1142C2F000100000001 /* HomeView.swift in Sources */ = {isa = PBXBuildFile; fileRef = 6B01A0142C2F000100000001 /* HomeView.swift */; };
		6B01A1162C2F000100000001 /* ArtistModels.swift in Sources */ = {isa = PBXBuildFile; fileRef = 6B01A0172C2F000100000001 /* ArtistModels.swift */; };
		6B01A1172C2F000100000001 /* ArtistEndpoint.swift in Sources */ = {isa = PBXBuildFile; fileRef = 6B01A0182C2F000100000001 /* ArtistEndpoint.swift */; };
		6B01A1182C2F000100000001 /* ArtistService.swift in Sources */ = {isa = PBXBuildFile; fileRef = 6B01A0192C2F000100000001 /* ArtistService.swift */; };
		6B01A1192C2F000100000001 /* ArtistListViewModel.swift in Sources */ = {isa = PBXBuildFile; fileRef = 6B01A01A2C2F000100000001 /* ArtistListViewModel.swift */; };
/* End PBXBuildFile section */

/* Begin PBXFileReference section */
		6B01A0002C2F000100000001 /* Artist-JG.app */ = {isa = PBXFileReference; explicitFileType = wrapper.application; includeInIndex = 0; path = "Artist-JG.app"; sourceTree = BUILT_PRODUCTS_DIR; };
		6B01A0012C2F000100000001 /* ArtistJGApp.swift */ = {isa = PBXFileReference; lastKnownFileType = sourcecode.swift; path = ArtistJGApp.swift; sourceTree = "<group>"; };
		6B01A0022C2F000100000001 /* AppCoordinator.swift */ = {isa = PBXFileReference; lastKnownFileType = sourcecode.swift; path = AppCoordinator.swift; sourceTree = "<group>"; };
		6B01A0032C2F000100000001 /* RootView.swift */ = {isa = PBXFileReference; lastKnownFileType = sourcecode.swift; path = RootView.swift; sourceTree = "<group>"; };
		6B01A0042C2F000100000001 /* AppRoute.swift */ = {isa = PBXFileReference; lastKnownFileType = sourcecode.swift; path = AppRoute.swift; sourceTree = "<group>"; };
		6B01A0052C2F000100000001 /* AppConstants.swift */ = {isa = PBXFileReference; lastKnownFileType = sourcecode.swift; path = AppConstants.swift; sourceTree = "<group>"; };
		6B01A0062C2F000100000001 /* AppStrings.swift */ = {isa = PBXFileReference; lastKnownFileType = sourcecode.swift; path = AppStrings.swift; sourceTree = "<group>"; };
		6B01A0072C2F000100000001 /* APIEndpoint.swift */ = {isa = PBXFileReference; lastKnownFileType = sourcecode.swift; path = APIEndpoint.swift; sourceTree = "<group>"; };
		6B01A0082C2F000100000001 /* APIMessageResponse.swift */ = {isa = PBXFileReference; lastKnownFileType = sourcecode.swift; path = APIMessageResponse.swift; sourceTree = "<group>"; };
		6B01A0092C2F000100000001 /* APIClient.swift */ = {isa = PBXFileReference; lastKnownFileType = sourcecode.swift; path = APIClient.swift; sourceTree = "<group>"; };
		6B01A00A2C2F000100000001 /* APIError.swift */ = {isa = PBXFileReference; lastKnownFileType = sourcecode.swift; path = APIError.swift; sourceTree = "<group>"; };
		6B01A00B2C2F000100000001 /* AuthTokenStore.swift */ = {isa = PBXFileReference; lastKnownFileType = sourcecode.swift; path = AuthTokenStore.swift; sourceTree = "<group>"; };
		6B01A00C2C2F000100000001 /* AuthModels.swift */ = {isa = PBXFileReference; lastKnownFileType = sourcecode.swift; path = AuthModels.swift; sourceTree = "<group>"; };
		6B01A00D2C2F000100000001 /* AuthEndpoint.swift */ = {isa = PBXFileReference; lastKnownFileType = sourcecode.swift; path = AuthEndpoint.swift; sourceTree = "<group>"; };
		6B01A00E2C2F000100000001 /* AuthService.swift */ = {isa = PBXFileReference; lastKnownFileType = sourcecode.swift; path = AuthService.swift; sourceTree = "<group>"; };
		6B01A00F2C2F000100000001 /* AuthViewModel.swift */ = {isa = PBXFileReference; lastKnownFileType = sourcecode.swift; path = AuthViewModel.swift; sourceTree = "<group>"; };
		6B01A0102C2F000100000001 /* AuthTextField.swift */ = {isa = PBXFileReference; lastKnownFileType = sourcecode.swift; path = AuthTextField.swift; sourceTree = "<group>"; };
		6B01A0112C2F000100000001 /* PrimaryButton.swift */ = {isa = PBXFileReference; lastKnownFileType = sourcecode.swift; path = PrimaryButton.swift; sourceTree = "<group>"; };
		6B01A0122C2F000100000001 /* LoginView.swift */ = {isa = PBXFileReference; lastKnownFileType = sourcecode.swift; path = LoginView.swift; sourceTree = "<group>"; };
		6B01A0132C2F000100000001 /* SignUpView.swift */ = {isa = PBXFileReference; lastKnownFileType = sourcecode.swift; path = SignUpView.swift; sourceTree = "<group>"; };
		6B01A0142C2F000100000001 /* HomeView.swift */ = {isa = PBXFileReference; lastKnownFileType = sourcecode.swift; path = HomeView.swift; sourceTree = "<group>"; };
		6B01A0152C2F000100000001 /* Info.plist */ = {isa = PBXFileReference; lastKnownFileType = text.plist.xml; path = Info.plist; sourceTree = "<group>"; };
		6B01A0162C2F000100000001 /* Assets.xcassets */ = {isa = PBXFileReference; lastKnownFileType = folder.assetcatalog; path = Assets.xcassets; sourceTree = "<group>"; };
		6B01A0172C2F000100000001 /* ArtistModels.swift */ = {isa = PBXFileReference; lastKnownFileType = sourcecode.swift; path = ArtistModels.swift; sourceTree = "<group>"; };
		6B01A0182C2F000100000001 /* ArtistEndpoint.swift */ = {isa = PBXFileReference; lastKnownFileType = sourcecode.swift; path = ArtistEndpoint.swift; sourceTree = "<group>"; };
		6B01A0192C2F000100000001 /* ArtistService.swift */ = {isa = PBXFileReference; lastKnownFileType = sourcecode.swift; path = ArtistService.swift; sourceTree = "<group>"; };
		6B01A01A2C2F000100000001 /* ArtistListViewModel.swift */ = {isa = PBXFileReference; lastKnownFileType = sourcecode.swift; path = ArtistListViewModel.swift; sourceTree = "<group>"; };
/* End PBXFileReference section */

/* Begin PBXFrameworksBuildPhase section */
		6B01A0202C2F000100000001 /* Frameworks */ = {
			isa = PBXFrameworksBuildPhase;
			buildActionMask = 2147483647;
			files = (
			);
			runOnlyForDeploymentPostprocessing = 0;
		};
/* End PBXFrameworksBuildPhase section */

/* Begin PBXGroup section */
		6B01A0302C2F000100000001 = {
			isa = PBXGroup;
			children = (
				6B01A0312C2F000100000001 /* Artist-JG */,
				6B01A0322C2F000100000001 /* Products */,
			);
			sourceTree = "<group>";
		};
		6B01A0312C2F000100000001 /* Artist-JG */ = {
			isa = PBXGroup;
			children = (
				6B01A0332C2F000100000001 /* App */,
				6B01A0342C2F000100000001 /* Core */,
				6B01A0352C2F000100000001 /* Features */,
				6B01A0162C2F000100000001 /* Assets.xcassets */,
				6B01A0362C2F000100000001 /* Supporting */,
			);
			path = "Artist-JG";
			sourceTree = "<group>";
		};
		6B01A0322C2F000100000001 /* Products */ = {
			isa = PBXGroup;
			children = (
				6B01A0002C2F000100000001 /* Artist-JG.app */,
			);
			name = Products;
			sourceTree = "<group>";
		};
		6B01A0332C2F000100000001 /* App */ = {
			isa = PBXGroup;
			children = (
				6B01A0012C2F000100000001 /* ArtistJGApp.swift */,
				6B01A0022C2F000100000001 /* AppCoordinator.swift */,
				6B01A0032C2F000100000001 /* RootView.swift */,
				6B01A0042C2F000100000001 /* AppRoute.swift */,
			);
			path = App;
			sourceTree = "<group>";
		};
		6B01A0342C2F000100000001 /* Core */ = {
			isa = PBXGroup;
			children = (
				6B01A0372C2F000100000001 /* Constants */,
				6B01A0382C2F000100000001 /* Networking */,
				6B01A0392C2F000100000001 /* Storage */,
			);
			path = Core;
			sourceTree = "<group>";
		};
		6B01A0352C2F000100000001 /* Features */ = {
			isa = PBXGroup;
			children = (
				6B01A03A2C2F000100000001 /* Auth */,
				6B01A03B2C2F000100000001 /* Home */,
			);
			path = Features;
			sourceTree = "<group>";
		};
		6B01A0362C2F000100000001 /* Supporting */ = {
			isa = PBXGroup;
			children = (
				6B01A0152C2F000100000001 /* Info.plist */,
			);
			path = Supporting;
			sourceTree = "<group>";
		};
		6B01A0372C2F000100000001 /* Constants */ = {
			isa = PBXGroup;
			children = (
				6B01A0052C2F000100000001 /* AppConstants.swift */,
				6B01A0062C2F000100000001 /* AppStrings.swift */,
			);
			path = Constants;
			sourceTree = "<group>";
		};
		6B01A0382C2F000100000001 /* Networking */ = {
			isa = PBXGroup;
			children = (
				6B01A0072C2F000100000001 /* APIEndpoint.swift */,
				6B01A0082C2F000100000001 /* APIMessageResponse.swift */,
				6B01A0092C2F000100000001 /* APIClient.swift */,
				6B01A00A2C2F000100000001 /* APIError.swift */,
			);
			path = Networking;
			sourceTree = "<group>";
		};
		6B01A0392C2F000100000001 /* Storage */ = {
			isa = PBXGroup;
			children = (
				6B01A00B2C2F000100000001 /* AuthTokenStore.swift */,
			);
			path = Storage;
			sourceTree = "<group>";
		};
		6B01A03A2C2F000100000001 /* Auth */ = {
			isa = PBXGroup;
			children = (
				6B01A03C2C2F000100000001 /* Models */,
				6B01A03D2C2F000100000001 /* Services */,
				6B01A03E2C2F000100000001 /* ViewModels */,
				6B01A03F2C2F000100000001 /* Views */,
			);
			path = Auth;
			sourceTree = "<group>";
		};
		6B01A03B2C2F000100000001 /* Home */ = {
			isa = PBXGroup;
			children = (
				6B01A0412C2F000100000001 /* Models */,
				6B01A0422C2F000100000001 /* Services */,
				6B01A0432C2F000100000001 /* ViewModels */,
				6B01A0402C2F000100000001 /* Views */,
			);
			path = Home;
			sourceTree = "<group>";
		};
		6B01A03C2C2F000100000001 /* Models */ = {
			isa = PBXGroup;
			children = (
				6B01A00C2C2F000100000001 /* AuthModels.swift */,
				6B01A00D2C2F000100000001 /* AuthEndpoint.swift */,
			);
			path = Models;
			sourceTree = "<group>";
		};
		6B01A03D2C2F000100000001 /* Services */ = {
			isa = PBXGroup;
			children = (
				6B01A00E2C2F000100000001 /* AuthService.swift */,
			);
			path = Services;
			sourceTree = "<group>";
		};
		6B01A03E2C2F000100000001 /* ViewModels */ = {
			isa = PBXGroup;
			children = (
				6B01A00F2C2F000100000001 /* AuthViewModel.swift */,
			);
			path = ViewModels;
			sourceTree = "<group>";
		};
		6B01A03F2C2F000100000001 /* Views */ = {
			isa = PBXGroup;
			children = (
				6B01A0102C2F000100000001 /* AuthTextField.swift */,
				6B01A0112C2F000100000001 /* PrimaryButton.swift */,
				6B01A0122C2F000100000001 /* LoginView.swift */,
				6B01A0132C2F000100000001 /* SignUpView.swift */,
			);
			path = Views;
			sourceTree = "<group>";
		};
		6B01A0402C2F000100000001 /* Views */ = {
			isa = PBXGroup;
			children = (
				6B01A0142C2F000100000001 /* HomeView.swift */,
			);
			path = Views;
			sourceTree = "<group>";
		};
		6B01A0412C2F000100000001 /* Models */ = {
			isa = PBXGroup;
			children = (
				6B01A0172C2F000100000001 /* ArtistModels.swift */,
				6B01A0182C2F000100000001 /* ArtistEndpoint.swift */,
			);
			path = Models;
			sourceTree = "<group>";
		};
		6B01A0422C2F000100000001 /* Services */ = {
			isa = PBXGroup;
			children = (
				6B01A0192C2F000100000001 /* ArtistService.swift */,
			);
			path = Services;
			sourceTree = "<group>";
		};
		6B01A0432C2F000100000001 /* ViewModels */ = {
			isa = PBXGroup;
			children = (
				6B01A01A2C2F000100000001 /* ArtistListViewModel.swift */,
			);
			path = ViewModels;
			sourceTree = "<group>";
		};
/* End PBXGroup section */

/* Begin PBXNativeTarget section */
		6B01A0502C2F000100000001 /* Artist-JG */ = {
			isa = PBXNativeTarget;
			buildConfigurationList = 6B01A0602C2F000100000001 /* Build configuration list for PBXNativeTarget "Artist-JG" */;
			buildPhases = (
				6B01A0212C2F000100000001 /* Sources */,
				6B01A0202C2F000100000001 /* Frameworks */,
				6B01A0222C2F000100000001 /* Resources */,
			);
			buildRules = (
			);
			dependencies = (
			);
			name = "Artist-JG";
			productName = "Artist-JG";
			productReference = 6B01A0002C2F000100000001 /* Artist-JG.app */;
			productType = "com.apple.product-type.application";
		};
/* End PBXNativeTarget section */

/* Begin PBXProject section */
		6B01A0702C2F000100000001 /* Project object */ = {
			isa = PBXProject;
			attributes = {
				BuildIndependentTargetsInParallel = 1;
				LastSwiftUpdateCheck = 1600;
				LastUpgradeCheck = 1600;
				TargetAttributes = {
					6B01A0502C2F000100000001 = {
						CreatedOnToolsVersion = 16.0;
					};
				};
			};
			buildConfigurationList = 6B01A0712C2F000100000001 /* Build configuration list for PBXProject "Artist-JG" */;
			compatibilityVersion = "Xcode 14.0";
			developmentRegion = en;
			hasScannedForEncodings = 0;
			knownRegions = (
				en,
				Base,
			);
			mainGroup = 6B01A0302C2F000100000001;
			productRefGroup = 6B01A0322C2F000100000001 /* Products */;
			projectDirPath = "";
			projectRoot = "";
			targets = (
				6B01A0502C2F000100000001 /* Artist-JG */,
			);
		};
/* End PBXProject section */

/* Begin PBXResourcesBuildPhase section */
		6B01A0222C2F000100000001 /* Resources */ = {
			isa = PBXResourcesBuildPhase;
			buildActionMask = 2147483647;
			files = (
				6B01A1152C2F000100000001 /* Assets.xcassets in Resources */,
			);
			runOnlyForDeploymentPostprocessing = 0;
		};
/* End PBXResourcesBuildPhase section */

/* Begin PBXSourcesBuildPhase section */
		6B01A0212C2F000100000001 /* Sources */ = {
			isa = PBXSourcesBuildPhase;
			buildActionMask = 2147483647;
			files = (
				6B01A1012C2F000100000001 /* ArtistJGApp.swift in Sources */,
				6B01A1022C2F000100000001 /* AppCoordinator.swift in Sources */,
				6B01A1032C2F000100000001 /* RootView.swift in Sources */,
				6B01A1042C2F000100000001 /* AppRoute.swift in Sources */,
				6B01A1052C2F000100000001 /* AppConstants.swift in Sources */,
				6B01A1062C2F000100000001 /* AppStrings.swift in Sources */,
				6B01A1072C2F000100000001 /* APIEndpoint.swift in Sources */,
				6B01A1082C2F000100000001 /* APIMessageResponse.swift in Sources */,
				6B01A1092C2F000100000001 /* APIClient.swift in Sources */,
				6B01A10A2C2F000100000001 /* APIError.swift in Sources */,
				6B01A10B2C2F000100000001 /* AuthTokenStore.swift in Sources */,
				6B01A10C2C2F000100000001 /* AuthModels.swift in Sources */,
				6B01A10D2C2F000100000001 /* AuthEndpoint.swift in Sources */,
				6B01A10E2C2F000100000001 /* AuthService.swift in Sources */,
				6B01A10F2C2F000100000001 /* AuthViewModel.swift in Sources */,
				6B01A1102C2F000100000001 /* AuthTextField.swift in Sources */,
				6B01A1112C2F000100000001 /* PrimaryButton.swift in Sources */,
				6B01A1122C2F000100000001 /* LoginView.swift in Sources */,
				6B01A1132C2F000100000001 /* SignUpView.swift in Sources */,
				6B01A1142C2F000100000001 /* HomeView.swift in Sources */,
				6B01A1162C2F000100000001 /* ArtistModels.swift in Sources */,
				6B01A1172C2F000100000001 /* ArtistEndpoint.swift in Sources */,
				6B01A1182C2F000100000001 /* ArtistService.swift in Sources */,
				6B01A1192C2F000100000001 /* ArtistListViewModel.swift in Sources */,
			);
			runOnlyForDeploymentPostprocessing = 0;
		};
/* End PBXSourcesBuildPhase section */

/* Begin XCBuildConfiguration section */
		6B01A0802C2F000100000001 /* Debug */ = {
			isa = XCBuildConfiguration;
			buildSettings = {
				ALWAYS_SEARCH_USER_PATHS = NO;
				CLANG_ANALYZER_NONNULL = YES;
				CLANG_ANALYZER_NUMBER_OBJECT_CONVERSION = YES_AGGRESSIVE;
				CLANG_CXX_LANGUAGE_STANDARD = "gnu++20";
				CLANG_ENABLE_MODULES = YES;
				CLANG_ENABLE_OBJC_ARC = YES;
				CLANG_ENABLE_OBJC_WEAK = YES;
				CLANG_WARN_BLOCK_CAPTURE_AUTORELEASING = YES;
				CLANG_WARN_BOOL_CONVERSION = YES;
				CLANG_WARN_COMMA = YES;
				CLANG_WARN_CONSTANT_CONVERSION = YES;
				CLANG_WARN_DEPRECATED_OBJC_IMPLEMENTATIONS = YES;
				CLANG_WARN_DIRECT_OBJC_ISA_USAGE = YES_ERROR;
				CLANG_WARN_DOCUMENTATION_COMMENTS = YES;
				CLANG_WARN_EMPTY_BODY = YES;
				CLANG_WARN_ENUM_CONVERSION = YES;
				CLANG_WARN_INFINITE_RECURSION = YES;
				CLANG_WARN_INT_CONVERSION = YES;
				CLANG_WARN_NON_LITERAL_NULL_CONVERSION = YES;
				CLANG_WARN_OBJC_IMPLICIT_RETAIN_SELF = YES;
				CLANG_WARN_OBJC_LITERAL_CONVERSION = YES;
				CLANG_WARN_OBJC_ROOT_CLASS = YES_ERROR;
				CLANG_WARN_QUOTED_INCLUDE_IN_FRAMEWORK_HEADER = YES;
				CLANG_WARN_RANGE_LOOP_ANALYSIS = YES;
				CLANG_WARN_STRICT_PROTOTYPES = YES;
				CLANG_WARN_SUSPICIOUS_MOVE = YES;
				CLANG_WARN_UNGUARDED_AVAILABILITY = YES_AGGRESSIVE;
				CLANG_WARN_UNREACHABLE_CODE = YES;
				CLANG_WARN__DUPLICATE_METHOD_MATCH = YES;
				COPY_PHASE_STRIP = NO;
				DEBUG_INFORMATION_FORMAT = dwarf;
				ENABLE_STRICT_OBJC_MSGSEND = YES;
				ENABLE_TESTABILITY = YES;
				ENABLE_USER_SCRIPT_SANDBOXING = YES;
				GCC_C_LANGUAGE_STANDARD = gnu17;
				GCC_DYNAMIC_NO_PIC = NO;
				GCC_NO_COMMON_BLOCKS = YES;
				GCC_OPTIMIZATION_LEVEL = 0;
				GCC_PREPROCESSOR_DEFINITIONS = (
					"DEBUG=1",
					"$(inherited)",
				);
				GCC_WARN_64_TO_32_BIT_CONVERSION = YES;
				GCC_WARN_ABOUT_RETURN_TYPE = YES_ERROR;
				GCC_WARN_UNDECLARED_SELECTOR = YES;
				GCC_WARN_UNINITIALIZED_AUTOS = YES_AGGRESSIVE;
				GCC_WARN_UNUSED_FUNCTION = YES;
				GCC_WARN_UNUSED_VARIABLE = YES;
				IPHONEOS_DEPLOYMENT_TARGET = 16.0;
				MTL_ENABLE_DEBUG_INFO = INCLUDE_SOURCE;
				MTL_FAST_MATH = YES;
				ONLY_ACTIVE_ARCH = YES;
				SDKROOT = iphoneos;
				SWIFT_ACTIVE_COMPILATION_CONDITIONS = DEBUG;
				SWIFT_OPTIMIZATION_LEVEL = "-Onone";
			};
			name = Debug;
		};
		6B01A0812C2F000100000001 /* Release */ = {
			isa = XCBuildConfiguration;
			buildSettings = {
				ALWAYS_SEARCH_USER_PATHS = NO;
				CLANG_ANALYZER_NONNULL = YES;
				CLANG_ANALYZER_NUMBER_OBJECT_CONVERSION = YES_AGGRESSIVE;
				CLANG_CXX_LANGUAGE_STANDARD = "gnu++20";
				CLANG_ENABLE_MODULES = YES;
				CLANG_ENABLE_OBJC_ARC = YES;
				CLANG_ENABLE_OBJC_WEAK = YES;
				CLANG_WARN_BLOCK_CAPTURE_AUTORELEASING = YES;
				CLANG_WARN_BOOL_CONVERSION = YES;
				CLANG_WARN_COMMA = YES;
				CLANG_WARN_CONSTANT_CONVERSION = YES;
				CLANG_WARN_DEPRECATED_OBJC_IMPLEMENTATIONS = YES;
				CLANG_WARN_DIRECT_OBJC_ISA_USAGE = YES_ERROR;
				CLANG_WARN_DOCUMENTATION_COMMENTS = YES;
				CLANG_WARN_EMPTY_BODY = YES;
				CLANG_WARN_ENUM_CONVERSION = YES;
				CLANG_WARN_INFINITE_RECURSION = YES;
				CLANG_WARN_INT_CONVERSION = YES;
				CLANG_WARN_NON_LITERAL_NULL_CONVERSION = YES;
				CLANG_WARN_OBJC_IMPLICIT_RETAIN_SELF = YES;
				CLANG_WARN_OBJC_LITERAL_CONVERSION = YES;
				CLANG_WARN_OBJC_ROOT_CLASS = YES_ERROR;
				CLANG_WARN_QUOTED_INCLUDE_IN_FRAMEWORK_HEADER = YES;
				CLANG_WARN_RANGE_LOOP_ANALYSIS = YES;
				CLANG_WARN_STRICT_PROTOTYPES = YES;
				CLANG_WARN_SUSPICIOUS_MOVE = YES;
				CLANG_WARN_UNGUARDED_AVAILABILITY = YES_AGGRESSIVE;
				CLANG_WARN_UNREACHABLE_CODE = YES;
				CLANG_WARN__DUPLICATE_METHOD_MATCH = YES;
				COPY_PHASE_STRIP = NO;
				DEBUG_INFORMATION_FORMAT = "dwarf-with-dsym";
				ENABLE_NS_ASSERTIONS = NO;
				ENABLE_STRICT_OBJC_MSGSEND = YES;
				ENABLE_USER_SCRIPT_SANDBOXING = YES;
				GCC_C_LANGUAGE_STANDARD = gnu17;
				GCC_NO_COMMON_BLOCKS = YES;
				GCC_WARN_64_TO_32_BIT_CONVERSION = YES;
				GCC_WARN_ABOUT_RETURN_TYPE = YES_ERROR;
				GCC_WARN_UNDECLARED_SELECTOR = YES;
				GCC_WARN_UNINITIALIZED_AUTOS = YES_AGGRESSIVE;
				GCC_WARN_UNUSED_FUNCTION = YES;
				GCC_WARN_UNUSED_VARIABLE = YES;
				IPHONEOS_DEPLOYMENT_TARGET = 16.0;
				MTL_ENABLE_DEBUG_INFO = NO;
				MTL_FAST_MATH = YES;
				SDKROOT = iphoneos;
				SWIFT_COMPILATION_MODE = wholemodule;
				SWIFT_OPTIMIZATION_LEVEL = "-O";
				VALIDATE_PRODUCT = YES;
			};
			name = Release;
		};
		6B01A0822C2F000100000001 /* Debug */ = {
			isa = XCBuildConfiguration;
			buildSettings = {
				ASSETCATALOG_COMPILER_APPICON_NAME = AppIcon;
				CODE_SIGN_STYLE = Automatic;
				CURRENT_PROJECT_VERSION = 1;
				DEVELOPMENT_ASSET_PATHS = "";
				DEVELOPMENT_TEAM = "";
				GENERATE_INFOPLIST_FILE = NO;
				INFOPLIST_FILE = "Artist-JG/Supporting/Info.plist";
				INFOPLIST_KEY_UIApplicationSceneManifest_Generation = YES;
				INFOPLIST_KEY_UIApplicationSupportsIndirectInputEvents = YES;
				INFOPLIST_KEY_UILaunchScreen_Generation = YES;
				INFOPLIST_KEY_UISupportedInterfaceOrientations_iPad = "UIInterfaceOrientationPortrait UIInterfaceOrientationPortraitUpsideDown UIInterfaceOrientationLandscapeLeft UIInterfaceOrientationLandscapeRight";
				INFOPLIST_KEY_UISupportedInterfaceOrientations_iPhone = "UIInterfaceOrientationPortrait UIInterfaceOrientationLandscapeLeft UIInterfaceOrientationLandscapeRight";
				IPHONEOS_DEPLOYMENT_TARGET = 16.0;
				LD_RUNPATH_SEARCH_PATHS = (
					"$(inherited)",
					"@executable_path/Frameworks",
				);
				MARKETING_VERSION = 1.0;
				PRODUCT_BUNDLE_IDENTIFIER = com.jyotigupta.ArtistJG;
				PRODUCT_NAME = "$(TARGET_NAME)";
				SWIFT_EMIT_LOC_STRINGS = YES;
				SWIFT_VERSION = 5.0;
				TARGETED_DEVICE_FAMILY = "1,2";
			};
			name = Debug;
		};
		6B01A0832C2F000100000001 /* Release */ = {
			isa = XCBuildConfiguration;
			buildSettings = {
				ASSETCATALOG_COMPILER_APPICON_NAME = AppIcon;
				CODE_SIGN_STYLE = Automatic;
				CURRENT_PROJECT_VERSION = 1;
				DEVELOPMENT_ASSET_PATHS = "";
				DEVELOPMENT_TEAM = "";
				GENERATE_INFOPLIST_FILE = NO;
				INFOPLIST_FILE = "Artist-JG/Supporting/Info.plist";
				INFOPLIST_KEY_UIApplicationSceneManifest_Generation = YES;
				INFOPLIST_KEY_UIApplicationSupportsIndirectInputEvents = YES;
				INFOPLIST_KEY_UILaunchScreen_Generation = YES;
				INFOPLIST_KEY_UISupportedInterfaceOrientations_iPad = "UIInterfaceOrientationPortrait UIInterfaceOrientationPortraitUpsideDown UIInterfaceOrientationLandscapeLeft UIInterfaceOrientationLandscapeRight";
				INFOPLIST_KEY_UISupportedInterfaceOrientations_iPhone = "UIInterfaceOrientationPortrait UIInterfaceOrientationLandscapeLeft UIInterfaceOrientationLandscapeRight";
				IPHONEOS_DEPLOYMENT_TARGET = 16.0;
				LD_RUNPATH_SEARCH_PATHS = (
					"$(inherited)",
					"@executable_path/Frameworks",
				);
				MARKETING_VERSION = 1.0;
				PRODUCT_BUNDLE_IDENTIFIER = com.jyotigupta.ArtistJG;
				PRODUCT_NAME = "$(TARGET_NAME)";
				SWIFT_EMIT_LOC_STRINGS = YES;
				SWIFT_VERSION = 5.0;
				TARGETED_DEVICE_FAMILY = "1,2";
			};
			name = Release;
		};
/* End XCBuildConfiguration section */

/* Begin XCConfigurationList section */
		6B01A0712C2F000100000001 /* Build configuration list for PBXProject "Artist-JG" */ = {
			isa = XCConfigurationList;
			buildConfigurations = (
				6B01A0802C2F000100000001 /* Debug */,
				6B01A0812C2F000100000001 /* Release */,
			);
			defaultConfigurationIsVisible = 0;
			defaultConfigurationName = Release;
		};
		6B01A0602C2F000100000001 /* Build configuration list for PBXNativeTarget "Artist-JG" */ = {
			isa = XCConfigurationList;
			buildConfigurations = (
				6B01A0822C2F000100000001 /* Debug */,
				6B01A0832C2F000100000001 /* Release */,
			);
			defaultConfigurationIsVisible = 0;
			defaultConfigurationName = Release;
		};
/* End XCConfigurationList section */
	};
	rootObject = 6B01A0702C2F000100000001 /* Project object */;
}
